{
    "_readme": [
        "This file locks the dependencies of your project to a known state",
        "Read more about it at http://getcomposer.org/doc/01-basic-usage.md#composer-lock-the-lock-file",
        "This file is @generated automatically"
    ],
    "hash": "ffa065065f8f67e64b35b8360c38b604",
    "packages": [
        {
            "name": "hasantayyar/getpost",
            "version": "dev-master",
            "source": {
                "type": "git",
                "url": "https://github.com/hasantayyar/get-post.git",
                "reference": "4b086650a70fdd2e64fded76deefa6fc4855a582"
            },
            "dist": {
                "type": "zip",
                "url": "https://api.github.com/repos/hasantayyar/get-post/zipball/4b086650a70fdd2e64fded76deefa6fc4855a582",
                "reference": "4b086650a70fdd2e64fded76deefa6fc4855a582",
                "shasum": ""
            },
            "require": {
                "ext-curl": "*",
                "php": ">=5.3.0"
            },
            "type": "library",
            "autoload": {
                "psr-0": {
                    "Hasantayyar\\GetPost": "src/"
                }
            },
            "notification-url": "https://packagist.org/downloads/",
            "license": [
                "LGPL"
            ],
            "authors": [
                {
                    "name": "Hasan Tayyar BEŞİK",
                    "email": "tayyar.besik@gmail.com"
                }
            ],
            "description": "a tiny cURL wrapper to handle get or post requests",
            "keywords": [
                "curl",
                "http",
                "request"
            ],
            "time": "2014-07-27 00:00:23"
        }
    ],
    "packages-dev": [

    ],
    "aliases": [

    ],
    "minimum-stability": "stable",
    "stability-flags": {
        "hasantayyar/getpost": 20
    },
    "prefer-stable": false,
    "platform": [

    ],
    "platform-dev": [

    ]
}
